
Microsoft Visual Studio Solution File, Format Version 12.00
# Visual Studio Version 17
VisualStudioVersion = 17.4.33110.190
MinimumVisualStudioVersion = 10.0.40219.1
Project("{9A19103F-16F7-4668-BE54-9A1E7A4F7556}") = "Arrays", "ConsoleApp1\Arrays.csproj", "{150B7A5F-8019-415B-9A59-47D0A2C23C82}"
EndProject
Project("{9A19103F-16F7-4668-BE54-9A1E7A4F7556}") = "Enums", "Enums\Enums.csproj", "{A9D1D60D-5EA2-44DC-A026-C5BF30168D65}"
EndProject
Project("{9A19103F-16F7-4668-BE54-9A1E7A4F7556}") = "Structures", "Structures\Structures.csproj", "{87D350E0-57F4-4FEE-925E-90B2859D4D8F}"
EndProject
Project("{9A19103F-16F7-4668-BE54-9A1E7A4F7556}") = "Records", "Records\Records.csproj", "{16CCF0F6-ABEE-474F-903F-6EC5592A5EDC}"
EndProject
Project("{9A19103F-16F7-4668-BE54-9A1E7A4F7556}") = "NullableTypes", "NullableTypes\NullableTypes.csproj", "{EAFFE554-E7FB-467F-B030-4744BD10F197}"
EndProject
Project("{9A19103F-16F7-4668-BE54-9A1E7A4F7556}") = "Tuples", "Tuples\Tuples.csproj", "{4C94C6C5-9FB1-4C1F-9396-4ECD2FD53559}"
EndProject
Project("{9A19103F-16F7-4668-BE54-9A1E7A4F7556}") = "OutRefInParams", "OutRefInParams\OutRefInParams.csproj", "{ED2E59B4-0B35-4693-AA9C-09116E8F438D}"
EndProject
Project("{9A19103F-16F7-4668-BE54-9A1E7A4F7556}") = "RefValueTypes", "RefValueTypes\RefValueTypes.csproj", "{224E916C-81CB-45C1-9340-9C0DA9DEFB75}"
EndProject
Project("{9A19103F-16F7-4668-BE54-9A1E7A4F7556}") = "OptionalAndNamedParams", "OptionalAndNamedParams\OptionalAndNamedParams.csproj", "{84643CB2-09A5-48CB-B892-D90632C260AB}"
EndProject
Project("{9A19103F-16F7-4668-BE54-9A1E7A4F7556}") = "Overload", "Overload\Overload.csproj", "{2E512F08-51F0-4A8E-AB38-C16FF156ED30}"
EndProject
Project("{9A19103F-16F7-4668-BE54-9A1E7A4F7556}") = "OOP", "OOP\OOP.csproj", "{50D979B9-F785-411F-9A93-57878689390A}"
EndProject
Project("{9A19103F-16F7-4668-BE54-9A1E7A4F7556}") = "DummyProject", "DummyProject\DummyProject.csproj", "{F1B355EA-6439-49EA-BFDF-2F44C79860EA}"
EndProject
Project("{9A19103F-16F7-4668-BE54-9A1E7A4F7556}") = "Linq", "Linq\Linq.csproj", "{3928ECB9-14E3-4142-8CF3-E15D141EFF76}"
EndProject
Project("{FAE04EC0-301F-11D3-BF4B-00C04F79EFBC}") = "Generics", "Generics\Generics.csproj", "{96D5168B-EB87-40EF-88B2-5BD4960195F1}"
EndProject
Global
	GlobalSection(SolutionConfigurationPlatforms) = preSolution
		Debug|Any CPU = Debug|Any CPU
		Release|Any CPU = Release|Any CPU
	EndGlobalSection
	GlobalSection(ProjectConfigurationPlatforms) = postSolution
		{150B7A5F-8019-415B-9A59-47D0A2C23C82}.Debug|Any CPU.ActiveCfg = Debug|Any CPU
		{150B7A5F-8019-415B-9A59-47D0A2C23C82}.Debug|Any CPU.Build.0 = Debug|Any CPU
		{150B7A5F-8019-415B-9A59-47D0A2C23C82}.Release|Any CPU.ActiveCfg = Release|Any CPU
		{150B7A5F-8019-415B-9A59-47D0A2C23C82}.Release|Any CPU.Build.0 = Release|Any CPU
		{A9D1D60D-5EA2-44DC-A026-C5BF30168D65}.Debug|Any CPU.ActiveCfg = Debug|Any CPU
		{A9D1D60D-5EA2-44DC-A026-C5BF30168D65}.Debug|Any CPU.Build.0 = Debug|Any CPU
		{A9D1D60D-5EA2-44DC-A026-C5BF30168D65}.Release|Any CPU.ActiveCfg = Release|Any CPU
		{A9D1D60D-5EA2-44DC-A026-C5BF30168D65}.Release|Any CPU.Build.0 = Release|Any CPU
		{87D350E0-57F4-4FEE-925E-90B2859D4D8F}.Debug|Any CPU.ActiveCfg = Debug|Any CPU
		{87D350E0-57F4-4FEE-925E-90B2859D4D8F}.Debug|Any CPU.Build.0 = Debug|Any CPU
		{87D350E0-57F4-4FEE-925E-90B2859D4D8F}.Release|Any CPU.ActiveCfg = Release|Any CPU
		{87D350E0-57F4-4FEE-925E-90B2859D4D8F}.Release|Any CPU.Build.0 = Release|Any CPU
		{16CCF0F6-ABEE-474F-903F-6EC5592A5EDC}.Debug|Any CPU.ActiveCfg = Debug|Any CPU
		{16CCF0F6-ABEE-474F-903F-6EC5592A5EDC}.Debug|Any CPU.Build.0 = Debug|Any CPU
		{16CCF0F6-ABEE-474F-903F-6EC5592A5EDC}.Release|Any CPU.ActiveCfg = Release|Any CPU
		{16CCF0F6-ABEE-474F-903F-6EC5592A5EDC}.Release|Any CPU.Build.0 = Release|Any CPU
		{EAFFE554-E7FB-467F-B030-4744BD10F197}.Debug|Any CPU.ActiveCfg = Debug|Any CPU
		{EAFFE554-E7FB-467F-B030-4744BD10F197}.Debug|Any CPU.Build.0 = Debug|Any CPU
		{EAFFE554-E7FB-467F-B030-4744BD10F197}.Release|Any CPU.ActiveCfg = Release|Any CPU
		{EAFFE554-E7FB-467F-B030-4744BD10F197}.Release|Any CPU.Build.0 = Release|Any CPU
		{4C94C6C5-9FB1-4C1F-9396-4ECD2FD53559}.Debug|Any CPU.ActiveCfg = Debug|Any CPU
		{4C94C6C5-9FB1-4C1F-9396-4ECD2FD53559}.Debug|Any CPU.Build.0 = Debug|Any CPU
		{4C94C6C5-9FB1-4C1F-9396-4ECD2FD53559}.Release|Any CPU.ActiveCfg = Release|Any CPU
		{4C94C6C5-9FB1-4C1F-9396-4ECD2FD53559}.Release|Any CPU.Build.0 = Release|Any CPU
		{ED2E59B4-0B35-4693-AA9C-09116E8F438D}.Debug|Any CPU.ActiveCfg = Debug|Any CPU
		{ED2E59B4-0B35-4693-AA9C-09116E8F438D}.Debug|Any CPU.Build.0 = Debug|Any CPU
		{ED2E59B4-0B35-4693-AA9C-09116E8F438D}.Release|Any CPU.ActiveCfg = Release|Any CPU
		{ED2E59B4-0B35-4693-AA9C-09116E8F438D}.Release|Any CPU.Build.0 = Release|Any CPU
		{224E916C-81CB-45C1-9340-9C0DA9DEFB75}.Debug|Any CPU.ActiveCfg = Debug|Any CPU
		{224E916C-81CB-45C1-9340-9C0DA9DEFB75}.Debug|Any CPU.Build.0 = Debug|Any CPU
		{224E916C-81CB-45C1-9340-9C0DA9DEFB75}.Release|Any CPU.ActiveCfg = Release|Any CPU
		{224E916C-81CB-45C1-9340-9C0DA9DEFB75}.Release|Any CPU.Build.0 = Release|Any CPU
		{84643CB2-09A5-48CB-B892-D90632C260AB}.Debug|Any CPU.ActiveCfg = Debug|Any CPU
		{84643CB2-09A5-48CB-B892-D90632C260AB}.Debug|Any CPU.Build.0 = Debug|Any CPU
		{84643CB2-09A5-48CB-B892-D90632C260AB}.Release|Any CPU.ActiveCfg = Release|Any CPU
		{84643CB2-09A5-48CB-B892-D90632C260AB}.Release|Any CPU.Build.0 = Release|Any CPU
		{2E512F08-51F0-4A8E-AB38-C16FF156ED30}.Debug|Any CPU.ActiveCfg = Debug|Any CPU
		{2E512F08-51F0-4A8E-AB38-C16FF156ED30}.Debug|Any CPU.Build.0 = Debug|Any CPU
		{2E512F08-51F0-4A8E-AB38-C16FF156ED30}.Release|Any CPU.ActiveCfg = Release|Any CPU
		{2E512F08-51F0-4A8E-AB38-C16FF156ED30}.Release|Any CPU.Build.0 = Release|Any CPU
		{50D979B9-F785-411F-9A93-57878689390A}.Debug|Any CPU.ActiveCfg = Debug|Any CPU
		{50D979B9-F785-411F-9A93-57878689390A}.Debug|Any CPU.Build.0 = Debug|Any CPU
		{50D979B9-F785-411F-9A93-57878689390A}.Release|Any CPU.ActiveCfg = Release|Any CPU
		{50D979B9-F785-411F-9A93-57878689390A}.Release|Any CPU.Build.0 = Release|Any CPU
		{F1B355EA-6439-49EA-BFDF-2F44C79860EA}.Debug|Any CPU.ActiveCfg = Debug|Any CPU
		{F1B355EA-6439-49EA-BFDF-2F44C79860EA}.Debug|Any CPU.Build.0 = Debug|Any CPU
		{F1B355EA-6439-49EA-BFDF-2F44C79860EA}.Release|Any CPU.ActiveCfg = Release|Any CPU
		{F1B355EA-6439-49EA-BFDF-2F44C79860EA}.Release|Any CPU.Build.0 = Release|Any CPU
		{3928ECB9-14E3-4142-8CF3-E15D141EFF76}.Debug|Any CPU.ActiveCfg = Debug|Any CPU
		{3928ECB9-14E3-4142-8CF3-E15D141EFF76}.Debug|Any CPU.Build.0 = Debug|Any CPU
		{3928ECB9-14E3-4142-8CF3-E15D141EFF76}.Release|Any CPU.ActiveCfg = Release|Any CPU
		{3928ECB9-14E3-4142-8CF3-E15D141EFF76}.Release|Any CPU.Build.0 = Release|Any CPU
		{96D5168B-EB87-40EF-88B2-5BD4960195F1}.Debug|Any CPU.ActiveCfg = Debug|Any CPU
		{96D5168B-EB87-40EF-88B2-5BD4960195F1}.Debug|Any CPU.Build.0 = Debug|Any CPU
		{96D5168B-EB87-40EF-88B2-5BD4960195F1}.Release|Any CPU.ActiveCfg = Release|Any CPU
		{96D5168B-EB87-40EF-88B2-5BD4960195F1}.Release|Any CPU.Build.0 = Release|Any CPU
	EndGlobalSection
	GlobalSection(SolutionProperties) = preSolution
		HideSolutionNode = FALSE
	EndGlobalSection
	GlobalSection(ExtensibilityGlobals) = postSolution
		SolutionGuid = {73D55238-BC4A-4B61-8442-7BE922A38628}
	EndGlobalSection
EndGlobal
